// !$*UTF8*$!
{
	archiveVersion = 1;
	classes = {
	};
	objectVersion = 55;
	objects = {

/* Begin PBXBuildFile section */
		2DEC1A1E27F19C6600C9B50D /* AppDelegate.swift in Sources */ = {isa = PBXBuildFile; fileRef = 2DEC1A1D27F19C6600C9B50D /* AppDelegate.swift */; };
		2DEC1A2027F19C6600C9B50D /* SceneDelegate.swift in Sources */ = {isa = PBXBuildFile; fileRef = 2DEC1A1F27F19C6600C9B50D /* SceneDelegate.swift */; };
		2DEC1A2227F19C6600C9B50D /* ViewController.swift in Sources */ = {isa = PBXBuildFile; fileRef = 2DEC1A2127F19C6600C9B50D /* ViewController.swift */; };
		2DEC1A2727F19C7000C9B50D /* Assets.xcassets in Resources */ = {isa = PBXBuildFile; fileRef = 2DEC1A2627F19C7000C9B50D /* Assets.xcassets */; };
		2DEC1A2A27F19C7000C9B50D /* LaunchScreen.storyboard in Resources */ = {isa = PBXBuildFile; fileRef = 2DEC1A2827F19C7000C9B50D /* LaunchScreen.storyboard */; };
		2DEC1A3527F19C7100C9B50D /* Spotify_CloneTests.swift in Sources */ = {isa = PBXBuildFile; fileRef = 2DEC1A3427F19C7100C9B50D /* Spotify_CloneTests.swift */; };
		2DEC1A3F27F19C7100C9B50D /* Spotify_CloneUITests.swift in Sources */ = {isa = PBXBuildFile; fileRef = 2DEC1A3E27F19C7100C9B50D /* Spotify_CloneUITests.swift */; };
		2DEC1A4127F19C7100C9B50D /* Spotify_CloneUITestsLaunchTests.swift in Sources */ = {isa = PBXBuildFile; fileRef = 2DEC1A4027F19C7100C9B50D /* Spotify_CloneUITestsLaunchTests.swift */; };
/* End PBXBuildFile section */

/* Begin PBXContainerItemProxy section */
		2DEC1A3127F19C7100C9B50D /* PBXContainerItemProxy */ = {
			isa = PBXContainerItemProxy;
			containerPortal = 2DEC1A1227F19C6600C9B50D /* Project object */;
			proxyType = 1;
			remoteGlobalIDString = 2DEC1A1927F19C6600C9B50D;
			remoteInfo = Spotify_Clone;
		};
		2DEC1A3B27F19C7100C9B50D /* PBXContainerItemProxy */ = {
			isa = PBXContainerItemProxy;
			containerPortal = 2DEC1A1227F19C6600C9B50D /* Project object */;
			proxyType = 1;
			remoteGlobalIDString = 2DEC1A1927F19C6600C9B50D;
			remoteInfo = Spotify_Clone;
		};
/* End PBXContainerItemProxy section */

/* Begin PBXFileReference section */
		2DEC1A1A27F19C6600C9B50D /* Spotify_Clone.app */ = {isa = PBXFileReference; explicitFileType = wrapper.application; includeInIndex = 0; path = Spotify_Clone.app; sourceTree = BUILT_PRODUCTS_DIR; };
		2DEC1A1D27F19C6600C9B50D /* AppDelegate.swift */ = {isa = PBXFileReference; lastKnownFileType = sourcecode.swift; path = AppDelegate.swift; sourceTree = "<group>"; };
		2DEC1A1F27F19C6600C9B50D /* SceneDelegate.swift */ = {isa = PBXFileReference; lastKnownFileType = sourcecode.swift; path = SceneDelegate.swift; sourceTree = "<group>"; };
		2DEC1A2127F19C6600C9B50D /* ViewController.swift */ = {isa = PBXFileReference; lastKnownFileType = sourcecode.swift; path = ViewController.swift; sourceTree = "<group>"; };
		2DEC1A2627F19C7000C9B50D /* Assets.xcassets */ = {isa = PBXFileReference; lastKnownFileType = folder.assetcatalog; path = Assets.xcassets; sourceTree = "<group>"; };
		2DEC1A2927F19C7000C9B50D /* Base */ = {isa = PBXFileReference; lastKnownFileType = file.storyboard; name = Base; path = Base.lproj/LaunchScreen.storyboard; sourceTree = "<group>"; };
		2DEC1A2B27F19C7000C9B50D /* Info.plist */ = {isa = PBXFileReference; lastKnownFileType = text.plist.xml; path = Info.plist; sourceTree = "<group>"; };
		2DEC1A3027F19C7100C9B50D /* Spotify_CloneTests.xctest */ = {isa = PBXFileReference; explicitFileType = wrapper.cfbundle; includeInIndex = 0; path = Spotify_CloneTests.xctest; sourceTree = BUILT_PRODUCTS_DIR; };
		2DEC1A3427F19C7100C9B50D /* Spotify_CloneTests.swift */ = {isa = PBXFileReference; lastKnownFileType = sourcecode.swift; path = Spotify_CloneTests.swift; sourceTree = "<group>"; };
		2DEC1A3A27F19C7100C9B50D /* Spotify_CloneUITests.xctest */ = {isa = PBXFileReference; explicitFileType = wrapper.cfbundle; includeInIndex = 0; path = Spotify_CloneUITests.xctest; sourceTree = BUILT_PRODUCTS_DIR; };
		2DEC1A3E27F19C7100C9B50D /* Spotify_CloneUITests.swift */ = {isa = PBXFileReference; lastKnownFileType = sourcecode.swift; path = Spotify_CloneUITests.swift; sourceTree = "<group>"; };
		2DEC1A4027F19C7100C9B50D /* Spotify_CloneUITestsLaunchTests.swift */ = {isa = PBXFileReference; lastKnownFileType = sourcecode.swift; path = Spotify_CloneUITestsLaunchTests.swift; sourceTree = "<group>"; };
/* End PBXFileReference section */

/* Begin PBXFrameworksBuildPhase section */
		2DEC1A1727F19C6600C9B50D /* Frameworks */ = {
			isa = PBXFrameworksBuildPhase;
			buildActionMask = 2147483647;
			files = (
			);
			runOnlyForDeploymentPostprocessing = 0;
		};
		2DEC1A2D27F19C7100C9B50D /* Frameworks */ = {
			isa = PBXFrameworksBuildPhase;
			buildActionMask = 2147483647;
			files = (
			);
			runOnlyForDeploymentPostprocessing = 0;
		};
		2DEC1A3727F19C7100C9B50D /* Frameworks */ = {
			isa = PBXFrameworksBuildPhase;
			buildActionMask = 2147483647;
			files = (
			);
			runOnlyForDeploymentPostprocessing = 0;
		};
/* End PBXFrameworksBuildPhase section */

/* Begin PBXGroup section */
		2DEC1A1127F19C6600C9B50D = {
			isa = PBXGroup;
			children = (
				2DEC1A1C27F19C6600C9B50D /* Spotify_Clone */,
				2DEC1A3327F19C7100C9B50D /* Spotify_CloneTests */,
				2DEC1A3D27F19C7100C9B50D /* Spotify_CloneUITests */,
				2DEC1A1B27F19C6600C9B50D /* Products */,
			);
			sourceTree = "<group>";
		};
		2DEC1A1B27F19C6600C9B50D /* Products */ = {
			isa = PBXGroup;
			children = (
				2DEC1A1A27F19C6600C9B50D /* Spotify_Clone.app */,
				2DEC1A3027F19C7100C9B50D /* Spotify_CloneTests.xctest */,
				2DEC1A3A27F19C7100C9B50D /* Spotify_CloneUITests.xctest */,
			);
			name = Products;
			sourceTree = "<group>";
		};
		2DEC1A1C27F19C6600C9B50D /* Spotify_Clone */ = {
			isa = PBXGroup;
			children = (
				2DEC1A5127F19CB600C9B50D /* Resources */,
				2DEC1A5027F19CA900C9B50D /* Managers */,
				2DEC1A4F27F19CA200C9B50D /* ViewModels */,
				2DEC1A4E27F19C9C00C9B50D /* Views */,
				2DEC1A4D27F19C8600C9B50D /* Controllers */,
				2DEC1A2B27F19C7000C9B50D /* Info.plist */,
			);
			path = Spotify_Clone;
			sourceTree = "<group>";
		};
		2DEC1A3327F19C7100C9B50D /* Spotify_CloneTests */ = {
			isa = PBXGroup;
			children = (
				2DEC1A3427F19C7100C9B50D /* Spotify_CloneTests.swift */,
			);
			path = Spotify_CloneTests;
			sourceTree = "<group>";
		};
		2DEC1A3D27F19C7100C9B50D /* Spotify_CloneUITests */ = {
			isa = PBXGroup;
			children = (
				2DEC1A3E27F19C7100C9B50D /* Spotify_CloneUITests.swift */,
				2DEC1A4027F19C7100C9B50D /* Spotify_CloneUITestsLaunchTests.swift */,
			);
			path = Spotify_CloneUITests;
			sourceTree = "<group>";
		};
		2DEC1A4D27F19C8600C9B50D /* Controllers */ = {
			isa = PBXGroup;
			children = (
				2DEC1A2127F19C6600C9B50D /* ViewController.swift */,
			);
			path = Controllers;
			sourceTree = "<group>";
		};
		2DEC1A4E27F19C9C00C9B50D /* Views */ = {
			isa = PBXGroup;
			children = (
				2DEC1A2827F19C7000C9B50D /* LaunchScreen.storyboard */,
			);
			path = Views;
			sourceTree = "<group>";
		};
		2DEC1A4F27F19CA200C9B50D /* ViewModels */ = {
			isa = PBXGroup;
			children = (
			);
			path = ViewModels;
			sourceTree = "<group>";
		};
		2DEC1A5027F19CA900C9B50D /* Managers */ = {
			isa = PBXGroup;
			children = (
			);
			path = Managers;
			sourceTree = "<group>";
		};
		2DEC1A5127F19CB600C9B50D /* Resources */ = {
			isa = PBXGroup;
			children = (
				2DEC1A1D27F19C6600C9B50D /* AppDelegate.swift */,
				2DEC1A1F27F19C6600C9B50D /* SceneDelegate.swift */,
				2DEC1A2627F19C7000C9B50D /* Assets.xcassets */,
			);
			path = Resources;
			sourceTree = "<group>";
		};
/* End PBXGroup section */

/* Begin PBXNativeTarget section */
		2DEC1A1927F19C6600C9B50D /* Spotify_Clone */ = {
			isa = PBXNativeTarget;
			buildConfigurationList = 2DEC1A4427F19C7100C9B50D /* Build configuration list for PBXNativeTarget "Spotify_Clone" */;
			buildPhases = (
				2DEC1A1627F19C6600C9B50D /* Sources */,
				2DEC1A1727F19C6600C9B50D /* Frameworks */,
				2DEC1A1827F19C6600C9B50D /* Resources */,
			);
			buildRules = (
			);
			dependencies = (
			);
			name = Spotify_Clone;
			productName = Spotify_Clone;
			productReference = 2DEC1A1A27F19C6600C9B50D /* Spotify_Clone.app */;
			productType = "com.apple.product-type.application";
		};
		2DEC1A2F27F19C7100C9B50D /* Spotify_CloneTests */ = {
			isa = PBXNativeTarget;
			buildConfigurationList = 2DEC1A4727F19C7100C9B50D /* Build configuration list for PBXNativeTarget "Spotify_CloneTests" */;
			buildPhases = (
				2DEC1A2C27F19C7100C9B50D /* Sources */,
				2DEC1A2D27F19C7100C9B50D /* Frameworks */,
				2DEC1A2E27F19C7100C9B50D /* Resources */,
			);
			buildRules = (
			);
			dependencies = (
				2DEC1A3227F19C7100C9B50D /* PBXTargetDependency */,
			);
			name = Spotify_CloneTests;
			productName = Spotify_CloneTests;
			productReference = 2DEC1A3027F19C7100C9B50D /* Spotify_CloneTests.xctest */;
			productType = "com.apple.product-type.bundle.unit-test";
		};
		2DEC1A3927F19C7100C9B50D /* Spotify_CloneUITests */ = {
			isa = PBXNativeTarget;
			buildConfigurationList = 2DEC1A4A27F19C7100C9B50D /* Build configuration list for PBXNativeTarget "Spotify_CloneUITests" */;
			buildPhases = (
				2DEC1A3627F19C7100C9B50D /* Sources */,
				2DEC1A3727F19C7100C9B50D /* Frameworks */,
				2DEC1A3827F19C7100C9B50D /* Resources */,
			);
			buildRules = (
			);
			dependencies = (
				2DEC1A3C27F19C7100C9B50D /* PBXTargetDependency */,
			);
			name = Spotify_CloneUITests;
			productName = Spotify_CloneUITests;
			productReference = 2DEC1A3A27F19C7100C9B50D /* Spotify_CloneUITests.xctest */;
			productType = "com.apple.product-type.bundle.ui-testing";
		};
/* End PBXNativeTarget section */

/* Begin PBXProject section */
		2DEC1A1227F19C6600C9B50D /* Project object */ = {
			isa = PBXProject;
			attributes = {
				BuildIndependentTargetsInParallel = 1;
				LastSwiftUpdateCheck = 1330;
				LastUpgradeCheck = 1330;
				TargetAttributes = {
					2DEC1A1927F19C6600C9B50D = {
						CreatedOnToolsVersion = 13.3;
					};
					2DEC1A2F27F19C7100C9B50D = {
						CreatedOnToolsVersion = 13.3;
						TestTargetID = 2DEC1A1927F19C6600C9B50D;
					};
					2DEC1A3927F19C7100C9B50D = {
						CreatedOnToolsVersion = 13.3;
						TestTargetID = 2DEC1A1927F19C6600C9B50D;
					};
				};
			};
			buildConfigurationList = 2DEC1A1527F19C6600C9B50D /* Build configuration list for PBXProject "Spotify_Clone" */;
			compatibilityVersion = "Xcode 13.0";
			developmentRegion = en;
			hasScannedForEncodings = 0;
			knownRegions = (
				en,
				Base,
			);
			mainGroup = 2DEC1A1127F19C6600C9B50D;
			productRefGroup = 2DEC1A1B27F19C6600C9B50D /* Products */;
			projectDirPath = "";
			projectRoot = "";
			targets = (
				2DEC1A1927F19C6600C9B50D /* Spotify_Clone */,
				2DEC1A2F27F19C7100C9B50D /* Spotify_CloneTests */,
				2DEC1A3927F19C7100C9B50D /* Spotify_CloneUITests */,
			);
		};
/* End PBXProject section */

/* Begin PBXResourcesBuildPhase section */
		2DEC1A1827F19C6600C9B50D /* Resources */ = {
			isa = PBXResourcesBuildPhase;
			buildActionMask = 2147483647;
			files = (
				2DEC1A2A27F19C7000C9B50D /* LaunchScreen.storyboard in Resources */,
				2DEC1A2727F19C7000C9B50D /* Assets.xcassets in Resources */,
			);
			runOnlyForDeploymentPostprocessing = 0;
		};
		2DEC1A2E27F19C7100C9B50D /* Resources */ = {
			isa = PBXResourcesBuildPhase;
			buildActionMask = 2147483647;
			files = (
			);
			runOnlyForDeploymentPostprocessing = 0;
		};
		2DEC1A3827F19C7100C9B50D /* Resources */ = {
			isa = PBXResourcesBuildPhase;
			buildActionMask = 2147483647;
			files = (
			);
			runOnlyForDeploymentPostprocessing = 0;
		};
/* End PBXResourcesBuildPhase section */

/* Begin PBXSourcesBuildPhase section */
		2DEC1A1627F19C6600C9B50D /* Sources */ = {
			isa = PBXSourcesBuildPhase;
			buildActionMask = 2147483647;
			files = (
				2DEC1A2227F19C6600C9B50D /* ViewController.swift in Sources */,
				2DEC1A1E27F19C6600C9B50D /* AppDelegate.swift in Sources */,
				2DEC1A2027F19C6600C9B50D /* SceneDelegate.swift in Sources */,
			);
			runOnlyForDeploymentPostprocessing = 0;
		};
		2DEC1A2C27F19C7100C9B50D /* Sources */ = {
			isa = PBXSourcesBuildPhase;
			buildActionMask = 2147483647;
			files = (
				2DEC1A3527F19C7100C9B50D /* Spotify_CloneTests.swift in Sources */,
			);
			runOnlyForDeploymentPostprocessing = 0;
		};
		2DEC1A3627F19C7100C9B50D /* Sources */ = {
			isa = PBXSourcesBuildPhase;
			buildActionMask = 2147483647;
			files = (
				2DEC1A3F27F19C7100C9B50D /* Spotify_CloneUITests.swift in Sources */,
				2DEC1A4127F19C7100C9B50D /* Spotify_CloneUITestsLaunchTests.swift in Sources */,
			);
			runOnlyForDeploymentPostprocessing = 0;
		};
/* End PBXSourcesBuildPhase section */

/* Begin PBXTargetDependency section */
		2DEC1A3227F19C7100C9B50D /* PBXTargetDependency */ = {
			isa = PBXTargetDependency;
			target = 2DEC1A1927F19C6600C9B50D /* Spotify_Clone */;
			targetProxy = 2DEC1A3127F19C7100C9B50D /* PBXContainerItemProxy */;
		};
		2DEC1A3C27F19C7100C9B50D /* PBXTargetDependency */ = {
			isa = PBXTargetDependency;
			target = 2DEC1A1927F19C6600C9B50D /* Spotify_Clone */;
			targetProxy = 2DEC1A3B27F19C7100C9B50D /* PBXContainerItemProxy */;
		};
/* End PBXTargetDependency section */

/* Begin PBXVariantGroup section */
		2DEC1A2827F19C7000C9B50D /* LaunchScreen.storyboard */ = {
			isa = PBXVariantGroup;
			children = (
				2DEC1A2927F19C7000C9B50D /* Base */,
			);
			name = LaunchScreen.storyboard;
			sourceTree = "<group>";
		};
/* End PBXVariantGroup section */

/* Begin XCBuildConfiguration section */
		2DEC1A4227F19C7100C9B50D /* Debug */ = {
			isa = XCBuildConfiguration;
			buildSettings = {
				ALWAYS_SEARCH_USER_PATHS = NO;
				CLANG_ANALYZER_NONNULL = YES;
				CLANG_ANALYZER_NUMBER_OBJECT_CONVERSION = YES_AGGRESSIVE;
				CLANG_CXX_LANGUAGE_STANDARD = "gnu++17";
				CLANG_ENABLE_MODULES = YES;
				CLANG_ENABLE_OBJC_ARC = YES;
				CLANG_ENABLE_OBJC_WEAK = YES;
				CLANG_WARN_BLOCK_CAPTURE_AUTORELEASING = YES;
				CLANG_WARN_BOOL_CONVERSION = YES;
				CLANG_WARN_COMMA = YES;
				CLANG_WARN_CONSTANT_CONVERSION = YES;
				CLANG_WARN_DEPRECATED_OBJC_IMPLEMENTATIONS = YES;
				CLANG_WARN_DIRECT_OBJC_ISA_USAGE = YES_ERROR;
				CLANG_WARN_DOCUMENTATION_COMMENTS = YES;
				CLANG_WARN_EMPTY_BODY = YES;
				CLANG_WARN_ENUM_CONVERSION = YES;
				CLANG_WARN_INFINITE_RECURSION = YES;
				CLANG_WARN_INT_CONVERSION = YES;
				CLANG_WARN_NON_LITERAL_NULL_CONVERSION = YES;
				CLANG_WARN_OBJC_IMPLICIT_RETAIN_SELF = YES;
				CLANG_WARN_OBJC_LITERAL_CONVERSION = YES;
				CLANG_WARN_OBJC_ROOT_CLASS = YES_ERROR;
				CLANG_WARN_QUOTED_INCLUDE_IN_FRAMEWORK_HEADER = YES;
				CLANG_WARN_RANGE_LOOP_ANALYSIS = YES;
				CLANG_WARN_STRICT_PROTOTYPES = YES;
				CLANG_WARN_SUSPICIOUS_MOVE = YES;
				CLANG_WARN_UNGUARDED_AVAILABILITY = YES_AGGRESSIVE;
				CLANG_WARN_UNREACHABLE_CODE = YES;
				CLANG_WARN__DUPLICATE_METHOD_MATCH = YES;
				COPY_PHASE_STRIP = NO;
				DEBUG_INFORMATION_FORMAT = dwarf;
				ENABLE_STRICT_OBJC_MSGSEND = YES;
				ENABLE_TESTABILITY = YES;
				GCC_C_LANGUAGE_STANDARD = gnu11;
				GCC_DYNAMIC_NO_PIC = NO;
				GCC_NO_COMMON_BLOCKS = YES;
				GCC_OPTIMIZATION_LEVEL = 0;
				GCC_PREPROCESSOR_DEFINITIONS = (
					"DEBUG=1",
					"$(inherited)",
				);
				GCC_WARN_64_TO_32_BIT_CONVERSION = YES;
				GCC_WARN_ABOUT_RETURN_TYPE = YES_ERROR;
				GCC_WARN_UNDECLARED_SELECTOR = YES;
				GCC_WARN_UNINITIALIZED_AUTOS = YES_AGGRESSIVE;
				GCC_WARN_UNUSED_FUNCTION = YES;
				GCC_WARN_UNUSED_VARIABLE = YES;
				IPHONEOS_DEPLOYMENT_TARGET = 15.4;
				MTL_ENABLE_DEBUG_INFO = INCLUDE_SOURCE;
				MTL_FAST_MATH = YES;
				ONLY_ACTIVE_ARCH = YES;
				SDKROOT = iphoneos;
				SWIFT_ACTIVE_COMPILATION_CONDITIONS = DEBUG;
				SWIFT_OPTIMIZATION_LEVEL = "-Onone";
			};
			name = Debug;
		};
		2DEC1A4327F19C7100C9B50D /* Release */ = {
			isa = XCBuildConfiguration;
			buildSettings = {
				ALWAYS_SEARCH_USER_PATHS = NO;
				CLANG_ANALYZER_NONNULL = YES;
				CLANG_ANALYZER_NUMBER_OBJECT_CONVERSION = YES_AGGRESSIVE;
				CLANG_CXX_LANGUAGE_STANDARD = "gnu++17";
				CLANG_ENABLE_MODULES = YES;
				CLANG_ENABLE_OBJC_ARC = YES;
				CLANG_ENABLE_OBJC_WEAK = YES;
				CLANG_WARN_BLOCK_CAPTURE_AUTORELEASING = YES;
				CLANG_WARN_BOOL_CONVERSION = YES;
				CLANG_WARN_COMMA = YES;
				CLANG_WARN_CONSTANT_CONVERSION = YES;
				CLANG_WARN_DEPRECATED_OBJC_IMPLEMENTATIONS = YES;
				CLANG_WARN_DIRECT_OBJC_ISA_USAGE = YES_ERROR;
				CLANG_WARN_DOCUMENTATION_COMMENTS = YES;
				CLANG_WARN_EMPTY_BODY = YES;
				CLANG_WARN_ENUM_CONVERSION = YES;
				CLANG_WARN_INFINITE_RECURSION = YES;
				CLANG_WARN_INT_CONVERSION = YES;
				CLANG_WARN_NON_LITERAL_NULL_CONVERSION = YES;
				CLANG_WARN_OBJC_IMPLICIT_RETAIN_SELF = YES;
				CLANG_WARN_OBJC_LITERAL_CONVERSION = YES;
				CLANG_WARN_OBJC_ROOT_CLASS = YES_ERROR;
				CLANG_WARN_QUOTED_INCLUDE_IN_FRAMEWORK_HEADER = YES;
				CLANG_WARN_RANGE_LOOP_ANALYSIS = YES;
				CLANG_WARN_STRICT_PROTOTYPES = YES;
				CLANG_WARN_SUSPICIOUS_MOVE = YES;
				CLANG_WARN_UNGUARDED_AVAILABILITY = YES_AGGRESSIVE;
				CLANG_WARN_UNREACHABLE_CODE = YES;
				CLANG_WARN__DUPLICATE_METHOD_MATCH = YES;
				COPY_PHASE_STRIP = NO;
				DEBUG_INFORMATION_FORMAT = "dwarf-with-dsym";
				ENABLE_NS_ASSERTIONS = NO;
				ENABLE_STRICT_OBJC_MSGSEND = YES;
				GCC_C_LANGUAGE_STANDARD = gnu11;
				GCC_NO_COMMON_BLOCKS = YES;
				GCC_WARN_64_TO_32_BIT_CONVERSION = YES;
				GCC_WARN_ABOUT_RETURN_TYPE = YES_ERROR;
				GCC_WARN_UNDECLARED_SELECTOR = YES;
				GCC_WARN_UNINITIALIZED_AUTOS = YES_AGGRESSIVE;
				GCC_WARN_UNUSED_FUNCTION = YES;
				GCC_WARN_UNUSED_VARIABLE = YES;
				IPHONEOS_DEPLOYMENT_TARGET = 15.4;
				MTL_ENABLE_DEBUG_INFO = NO;
				MTL_FAST_MATH = YES;
				SDKROOT = iphoneos;
				SWIFT_COMPILATION_MODE = wholemodule;
				SWIFT_OPTIMIZATION_LEVEL = "-O";
				VALIDATE_PRODUCT = YES;
			};
			name = Release;
		};
		2DEC1A4527F19C7100C9B50D /* Debug */ = {
			isa = XCBuildConfiguration;
			buildSettings = {
				ASSETCATALOG_COMPILER_APPICON_NAME = AppIcon;
				ASSETCATALOG_COMPILER_GLOBAL_ACCENT_COLOR_NAME = AccentColor;
				CODE_SIGN_STYLE = Automatic;
				CURRENT_PROJECT_VERSION = 1;
				GENERATE_INFOPLIST_FILE = YES;
				INFOPLIST_FILE = Spotify_Clone/Info.plist;
				INFOPLIST_KEY_UIApplicationSupportsIndirectInputEvents = YES;
				INFOPLIST_KEY_UILaunchStoryboardName = LaunchScreen;
				INFOPLIST_KEY_UIMainStoryboardFile = Main;
				INFOPLIST_KEY_UISupportedInterfaceOrientations_iPad = "UIInterfaceOrientationPortrait UIInterfaceOrientationPortraitUpsideDown UIInterfaceOrientationLandscapeLeft UIInterfaceOrientationLandscapeRight";
				INFOPLIST_KEY_UISupportedInterfaceOrientations_iPhone = "UIInterfaceOrientationPortrait UIInterfaceOrientationLandscapeLeft UIInterfaceOrientationLandscapeRight";
				LD_RUNPATH_SEARCH_PATHS = (
					"$(inherited)",
					"@executable_path/Frameworks",
				);
				MARKETING_VERSION = 1.0;
				PRODUCT_BUNDLE_IDENTIFIER = "com.KyleCorlett.Spotify-Clone";
				PRODUCT_NAME = "$(TARGET_NAME)";
				SWIFT_EMIT_LOC_STRINGS = YES;
				SWIFT_VERSION = 5.0;
				TARGETED_DEVICE_FAMILY = "1,2";
			};
			name = Debug;
		};
		2DEC1A4627F19C7100C9B50D /* Release */ = {
			isa = XCBuildConfiguration;
			buildSettings = {
				ASSETCATALOG_COMPILER_APPICON_NAME = AppIcon;
				ASSETCATALOG_COMPILER_GLOBAL_ACCENT_COLOR_NAME = AccentColor;
				CODE_SIGN_STYLE = Automatic;
				CURRENT_PROJECT_VERSION = 1;
				GENERATE_INFOPLIST_FILE = YES;
				INFOPLIST_FILE = Spotify_Clone/Info.plist;
				INFOPLIST_KEY_UIApplicationSupportsIndirectInputEvents = YES;
				INFOPLIST_KEY_UILaunchStoryboardName = LaunchScreen;
				INFOPLIST_KEY_UIMainStoryboardFile = Main;
				INFOPLIST_KEY_UISupportedInterfaceOrientations_iPad = "UIInterfaceOrientationPortrait UIInterfaceOrientationPortraitUpsideDown UIInterfaceOrientationLandscapeLeft UIInterfaceOrientationLandscapeRight";
				INFOPLIST_KEY_UISupportedInterfaceOrientations_iPhone = "UIInterfaceOrientationPortrait UIInterfaceOrientationLandscapeLeft UIInterfaceOrientationLandscapeRight";
				LD_RUNPATH_SEARCH_PATHS = (
					"$(inherited)",
					"@executable_path/Frameworks",
				);
				MARKETING_VERSION = 1.0;
				PRODUCT_BUNDLE_IDENTIFIER = "com.KyleCorlett.Spotify-Clone";
				PRODUCT_NAME = "$(TARGET_NAME)";
				SWIFT_EMIT_LOC_STRINGS = YES;
				SWIFT_VERSION = 5.0;
				TARGETED_DEVICE_FAMILY = "1,2";
			};
			name = Release;
		};
		2DEC1A4827F19C7100C9B50D /* Debug */ = {
			isa = XCBuildConfiguration;
			buildSettings = {
				ALWAYS_EMBED_SWIFT_STANDARD_LIBRARIES = YES;
				BUNDLE_LOADER = "$(TEST_HOST)";
				CODE_SIGN_STYLE = Automatic;
				CURRENT_PROJECT_VERSION = 1;
				GENERATE_INFOPLIST_FILE = YES;
				IPHONEOS_DEPLOYMENT_TARGET = 15.4;
				MARKETING_VERSION = 1.0;
				PRODUCT_BUNDLE_IDENTIFIER = "com.KyleCorlett.Spotify-CloneTests";
				PRODUCT_NAME = "$(TARGET_NAME)";
				SWIFT_EMIT_LOC_STRINGS = NO;
				SWIFT_VERSION = 5.0;
				TARGETED_DEVICE_FAMILY = "1,2";
				TEST_HOST = "$(BUILT_PRODUCTS_DIR)/Spotify_Clone.app/Spotify_Clone";
			};
			name = Debug;
		};
		2DEC1A4927F19C7100C9B50D /* Release */ = {
			isa = XCBuildConfiguration;
			buildSettings = {
				ALWAYS_EMBED_SWIFT_STANDARD_LIBRARIES = YES;
				BUNDLE_LOADER = "$(TEST_HOST)";
				CODE_SIGN_STYLE = Automatic;
				CURRENT_PROJECT_VERSION = 1;
				GENERATE_INFOPLIST_FILE = YES;
				IPHONEOS_DEPLOYMENT_TARGET = 15.4;
				MARKETING_VERSION = 1.0;
				PRODUCT_BUNDLE_IDENTIFIER = "com.KyleCorlett.Spotify-CloneTests";
				PRODUCT_NAME = "$(TARGET_NAME)";
				SWIFT_EMIT_LOC_STRINGS = NO;
				SWIFT_VERSION = 5.0;
				TARGETED_DEVICE_FAMILY = "1,2";
				TEST_HOST = "$(BUILT_PRODUCTS_DIR)/Spotify_Clone.app/Spotify_Clone";
			};
			name = Release;
		};
		2DEC1A4B27F19C7100C9B50D /* Debug */ = {
			isa = XCBuildConfiguration;
			buildSettings = {
				ALWAYS_EMBED_SWIFT_STANDARD_LIBRARIES = YES;
				CODE_SIGN_STYLE = Automatic;
				CURRENT_PROJECT_VERSION = 1;
				GENERATE_INFOPLIST_FILE = YES;
				MARKETING_VERSION = 1.0;
				PRODUCT_BUNDLE_IDENTIFIER = "com.KyleCorlett.Spotify-CloneUITests";
				PRODUCT_NAME = "$(TARGET_NAME)";
				SWIFT_EMIT_LOC_STRINGS = NO;
				SWIFT_VERSION = 5.0;
				TARGETED_DEVICE_FAMILY = "1,2";
				TEST_TARGET_NAME = Spotify_Clone;
			};
			name = Debug;
		};
		2DEC1A4C27F19C7100C9B50D /* Release */ = {
			isa = XCBuildConfiguration;
			buildSettings = {
				ALWAYS_EMBED_SWIFT_STANDARD_LIBRARIES = YES;
				CODE_SIGN_STYLE = Automatic;
				CURRENT_PROJECT_VERSION = 1;
				GENERATE_INFOPLIST_FILE = YES;
				MARKETING_VERSION = 1.0;
				PRODUCT_BUNDLE_IDENTIFIER = "com.KyleCorlett.Spotify-CloneUITests";
				PRODUCT_NAME = "$(TARGET_NAME)";
				SWIFT_EMIT_LOC_STRINGS = NO;
				SWIFT_VERSION = 5.0;
				TARGETED_DEVICE_FAMILY = "1,2";
				TEST_TARGET_NAME = Spotify_Clone;
			};
			name = Release;
		};
/* End XCBuildConfiguration section */

/* Begin XCConfigurationList section */
		2DEC1A1527F19C6600C9B50D /* Build configuration list for PBXProject "Spotify_Clone" */ = {
			isa = XCConfigurationList;
			buildConfigurations = (
				2DEC1A4227F19C7100C9B50D /* Debug */,
				2DEC1A4327F19C7100C9B50D /* Release */,
			);
			defaultConfigurationIsVisible = 0;
			defaultConfigurationName = Release;
		};
		2DEC1A4427F19C7100C9B50D /* Build configuration list for PBXNativeTarget "Spotify_Clone" */ = {
			isa = XCConfigurationList;
			buildConfigurations = (
				2DEC1A4527F19C7100C9B50D /* Debug */,
				2DEC1A4627F19C7100C9B50D /* Release */,
			);
			defaultConfigurationIsVisible = 0;
			defaultConfigurationName = Release;
		};
		2DEC1A4727F19C7100C9B50D /* Build configuration list for PBXNativeTarget "Spotify_CloneTests" */ = {
			isa = XCConfigurationList;
			buildConfigurations = (
				2DEC1A4827F19C7100C9B50D /* Debug */,
				2DEC1A4927F19C7100C9B50D /* Release */,
			);
			defaultConfigurationIsVisible = 0;
			defaultConfigurationName = Release;
		};
		2DEC1A4A27F19C7100C9B50D /* Build configuration list for PBXNativeTarget "Spotify_CloneUITests" */ = {
			isa = XCConfigurationList;
			buildConfigurations = (
				2DEC1A4B27F19C7100C9B50D /* Debug */,
				2DEC1A4C27F19C7100C9B50D /* Release */,
			);
			defaultConfigurationIsVisible = 0;
			defaultConfigurationName = Release;
		};
/* End XCConfigurationList section */
	};
	rootObject = 2DEC1A1227F19C6600C9B50D /* Project object */;
}
